
Microsoft Visual Studio Solution File, Format Version 12.00
# Visual Studio Version 16
VisualStudioVersion = 16.0.30204.135
MinimumVisualStudioVersion = 10.0.40219.1
Project("{2150E333-8FDC-42A3-9474-1A3956D46DE8}") = "Catalog", "Catalog", "{00FFD345-CC64-444D-8B4D-2658C97330E7}"
EndProject
Project("{2150E333-8FDC-42A3-9474-1A3956D46DE8}") = "Microservices", "Microservices", "{2EC00E50-1663-44A5-8886-BB9F4C1D1AD6}"
EndProject
Project("{9A19103F-16F7-4668-BE54-9A1E7A4F7556}") = "CatalogAPI", "Microservices\CatalogAPI\CatalogAPI.csproj", "{FD4F9155-AC19-4D18-BE61-A2784FB73FED}"
EndProject
Global
	GlobalSection(SolutionConfigurationPlatforms) = preSolution
		Debug|Any CPU = Debug|Any CPU
		Release|Any CPU = Release|Any CPU
	EndGlobalSection
	GlobalSection(ProjectConfigurationPlatforms) = postSolution
		{FD4F9155-AC19-4D18-BE61-A2784FB73FED}.Debug|Any CPU.ActiveCfg = Debug|Any CPU
		{FD4F9155-AC19-4D18-BE61-A2784FB73FED}.Debug|Any CPU.Build.0 = Debug|Any CPU
		{FD4F9155-AC19-4D18-BE61-A2784FB73FED}.Release|Any CPU.ActiveCfg = Release|Any CPU
		{FD4F9155-AC19-4D18-BE61-A2784FB73FED}.Release|Any CPU.Build.0 = Release|Any CPU
	EndGlobalSection
	GlobalSection(SolutionProperties) = preSolution
		HideSolutionNode = FALSE
	EndGlobalSection
	GlobalSection(NestedProjects) = preSolution
		{00FFD345-CC64-444D-8B4D-2658C97330E7} = {2EC00E50-1663-44A5-8886-BB9F4C1D1AD6}
		{FD4F9155-AC19-4D18-BE61-A2784FB73FED} = {00FFD345-CC64-444D-8B4D-2658C97330E7}
	EndGlobalSection
	GlobalSection(ExtensibilityGlobals) = postSolution
		SolutionGuid = {58C27E2C-4776-4463-9704-CCB89E251DC4}
	EndGlobalSection
EndGlobal
